
Microsoft Visual Studio Solution File, Format Version 11.00
# Visual Studio 2010
Project("{FAE04EC0-301F-11D3-BF4B-00C04F79EFBC}") = "Oculus.Platform", "Oculus.Platform.csproj", "{82d50336-bc03-02e2-b43c-30a5f551c6df}"
EndProject
Project("{FAE04EC0-301F-11D3-BF4B-00C04F79EFBC}") = "Assembly-CSharp", "Assembly-CSharp.csproj", "{bb972f92-c227-4035-61bb-5a67dd8b73dd}"
EndProject
Project("{FAE04EC0-301F-11D3-BF4B-00C04F79EFBC}") = "Oculus.Spatializer", "Oculus.Spatializer.csproj", "{173da466-b54e-78f6-23a4-0d3ce6441457}"
EndProject
Project("{FAE04EC0-301F-11D3-BF4B-00C04F79EFBC}") = "Oculus.Interaction", "Oculus.Interaction.csproj", "{0b12f8b6-9557-e577-b8dc-e1c828974139}"
EndProject
Project("{FAE04EC0-301F-11D3-BF4B-00C04F79EFBC}") = "Oculus.VR", "Oculus.VR.csproj", "{bc4e2bb1-9449-4397-388d-1aa1500f0296}"
EndProject
Project("{FAE04EC0-301F-11D3-BF4B-00C04F79EFBC}") = "Oculus.Interaction.Samples", "Oculus.Interaction.Samples.csproj", "{81d1ee1d-5e91-b82c-f15a-7a2584171b92}"
EndProject
Project("{FAE04EC0-301F-11D3-BF4B-00C04F79EFBC}") = "Facebook.WitAI", "Facebook.WitAI.csproj", "{d39bf6b5-9189-c6bd-f76a-98c43dad133a}"
EndProject
Project("{FAE04EC0-301F-11D3-BF4B-00C04F79EFBC}") = "Oculus.AudioManager", "Oculus.AudioManager.csproj", "{158ed12b-1a22-2702-6023-190f48784cce}"
EndProject
Project("{FAE04EC0-301F-11D3-BF4B-00C04F79EFBC}") = "VoiceSDK.Runtime", "VoiceSDK.Runtime.csproj", "{b8a31df5-cd0e-aa51-2ac7-46f501893fd9}"
EndProject
Project("{FAE04EC0-301F-11D3-BF4B-00C04F79EFBC}") = "Oculus.Voice.Demo", "Oculus.Voice.Demo.csproj", "{34bb4911-27fd-3a1d-0cd1-0faed3ae9036}"
EndProject
Project("{FAE04EC0-301F-11D3-BF4B-00C04F79EFBC}") = "AssistantCoreSDKRuntime", "AssistantCoreSDKRuntime.csproj", "{6bd76119-bed4-6c9b-4d2f-c34ef66a7d16}"
EndProject
Project("{FAE04EC0-301F-11D3-BF4B-00C04F79EFBC}") = "Oculus.LipSync", "Oculus.LipSync.csproj", "{d7b4498b-76c2-cd1a-4c6a-1c84648bc013}"
EndProject
Project("{FAE04EC0-301F-11D3-BF4B-00C04F79EFBC}") = "Oculus.Spatializer.Editor", "Oculus.Spatializer.Editor.csproj", "{b12c7678-77b1-b317-4dc8-298079dfd1fb}"
EndProject
Project("{FAE04EC0-301F-11D3-BF4B-00C04F79EFBC}") = "Oculus.Interaction.Editor", "Oculus.Interaction.Editor.csproj", "{07a55dc3-b0b5-82cd-5c84-c879195969e2}"
EndProject
Project("{FAE04EC0-301F-11D3-BF4B-00C04F79EFBC}") = "Facebook.Wit.Editor", "Facebook.Wit.Editor.csproj", "{977f9b47-e981-1f93-1911-0f936210fac6}"
EndProject
Project("{FAE04EC0-301F-11D3-BF4B-00C04F79EFBC}") = "Assembly-CSharp-Editor", "Assembly-CSharp-Editor.csproj", "{10ac0e9d-fd02-4d3f-8138-c8b7d4949067}"
EndProject
Project("{FAE04EC0-301F-11D3-BF4B-00C04F79EFBC}") = "Oculus.VR.Editor", "Oculus.VR.Editor.csproj", "{85a83e77-9e7c-bcc3-eb88-115054ed0295}"
EndProject
Project("{FAE04EC0-301F-11D3-BF4B-00C04F79EFBC}") = "VoiceSDK.Editor", "VoiceSDK.Editor.csproj", "{101ba691-a31b-415d-8bfc-102b405b8d20}"
EndProject
Project("{FAE04EC0-301F-11D3-BF4B-00C04F79EFBC}") = "Oculus.Platform.Editor", "Oculus.Platform.Editor.csproj", "{a264f50b-5034-46e5-a15c-c804e98fd63f}"
EndProject
Project("{FAE04EC0-301F-11D3-BF4B-00C04F79EFBC}") = "Oculus.AudioManager.Audio.Editor", "Oculus.AudioManager.Audio.Editor.csproj", "{54856004-6a71-4f0b-261f-6446ee96e278}"
EndProject
Project("{FAE04EC0-301F-11D3-BF4B-00C04F79EFBC}") = "Oculus.Interaction.InterfaceSupport", "Oculus.Interaction.InterfaceSupport.csproj", "{d6416c7c-68de-5d01-0e70-fb5c1f6778d5}"
EndProject
Project("{FAE04EC0-301F-11D3-BF4B-00C04F79EFBC}") = "Oculus.VR.Scripts.Editor", "Oculus.VR.Scripts.Editor.csproj", "{2c9db5e6-4e54-1f91-7558-fb772ca672e7}"
EndProject
Project("{FAE04EC0-301F-11D3-BF4B-00C04F79EFBC}") = "Oculus.LipSync.Editor", "Oculus.LipSync.Editor.csproj", "{34fa5ae3-ec2b-c5aa-f1a7-3764064ea9e4}"
EndProject
Project("{FAE04EC0-301F-11D3-BF4B-00C04F79EFBC}") = "AssistantCoreSDKEditor", "AssistantCoreSDKEditor.csproj", "{4054ee7a-d442-0958-e83d-d92d24c1d6f5}"
EndProject
Project("{FAE04EC0-301F-11D3-BF4B-00C04F79EFBC}") = "Oculus.AudioManager.Utils.Editor", "Oculus.AudioManager.Utils.Editor.csproj", "{a2e6895d-74d9-b5a4-94f5-6a6af0cbeab5}"
EndProject
Global
	GlobalSection(SolutionConfigurationPlatforms) = preSolution
		Debug|Any CPU = Debug|Any CPU
	EndGlobalSection
	GlobalSection(ProjectConfigurationPlatforms) = postSolution
		{82d50336-bc03-02e2-b43c-30a5f551c6df}.Debug|Any CPU.ActiveCfg = Debug|Any CPU
		{82d50336-bc03-02e2-b43c-30a5f551c6df}.Debug|Any CPU.Build.0 = Debug|Any CPU
		{bb972f92-c227-4035-61bb-5a67dd8b73dd}.Debug|Any CPU.ActiveCfg = Debug|Any CPU
		{bb972f92-c227-4035-61bb-5a67dd8b73dd}.Debug|Any CPU.Build.0 = Debug|Any CPU
		{173da466-b54e-78f6-23a4-0d3ce6441457}.Debug|Any CPU.ActiveCfg = Debug|Any CPU
		{173da466-b54e-78f6-23a4-0d3ce6441457}.Debug|Any CPU.Build.0 = Debug|Any CPU
		{0b12f8b6-9557-e577-b8dc-e1c828974139}.Debug|Any CPU.ActiveCfg = Debug|Any CPU
		{0b12f8b6-9557-e577-b8dc-e1c828974139}.Debug|Any CPU.Build.0 = Debug|Any CPU
		{bc4e2bb1-9449-4397-388d-1aa1500f0296}.Debug|Any CPU.ActiveCfg = Debug|Any CPU
		{bc4e2bb1-9449-4397-388d-1aa1500f0296}.Debug|Any CPU.Build.0 = Debug|Any CPU
		{81d1ee1d-5e91-b82c-f15a-7a2584171b92}.Debug|Any CPU.ActiveCfg = Debug|Any CPU
		{81d1ee1d-5e91-b82c-f15a-7a2584171b92}.Debug|Any CPU.Build.0 = Debug|Any CPU
		{d39bf6b5-9189-c6bd-f76a-98c43dad133a}.Debug|Any CPU.ActiveCfg = Debug|Any CPU
		{d39bf6b5-9189-c6bd-f76a-98c43dad133a}.Debug|Any CPU.Build.0 = Debug|Any CPU
		{158ed12b-1a22-2702-6023-190f48784cce}.Debug|Any CPU.ActiveCfg = Debug|Any CPU
		{158ed12b-1a22-2702-6023-190f48784cce}.Debug|Any CPU.Build.0 = Debug|Any CPU
		{b8a31df5-cd0e-aa51-2ac7-46f501893fd9}.Debug|Any CPU.ActiveCfg = Debug|Any CPU
		{b8a31df5-cd0e-aa51-2ac7-46f501893fd9}.Debug|Any CPU.Build.0 = Debug|Any CPU
		{34bb4911-27fd-3a1d-0cd1-0faed3ae9036}.Debug|Any CPU.ActiveCfg = Debug|Any CPU
		{34bb4911-27fd-3a1d-0cd1-0faed3ae9036}.Debug|Any CPU.Build.0 = Debug|Any CPU
		{6bd76119-bed4-6c9b-4d2f-c34ef66a7d16}.Debug|Any CPU.ActiveCfg = Debug|Any CPU
		{6bd76119-bed4-6c9b-4d2f-c34ef66a7d16}.Debug|Any CPU.Build.0 = Debug|Any CPU
		{d7b4498b-76c2-cd1a-4c6a-1c84648bc013}.Debug|Any CPU.ActiveCfg = Debug|Any CPU
		{d7b4498b-76c2-cd1a-4c6a-1c84648bc013}.Debug|Any CPU.Build.0 = Debug|Any CPU
		{b12c7678-77b1-b317-4dc8-298079dfd1fb}.Debug|Any CPU.ActiveCfg = Debug|Any CPU
		{b12c7678-77b1-b317-4dc8-298079dfd1fb}.Debug|Any CPU.Build.0 = Debug|Any CPU
		{07a55dc3-b0b5-82cd-5c84-c879195969e2}.Debug|Any CPU.ActiveCfg = Debug|Any CPU
		{07a55dc3-b0b5-82cd-5c84-c879195969e2}.Debug|Any CPU.Build.0 = Debug|Any CPU
		{977f9b47-e981-1f93-1911-0f936210fac6}.Debug|Any CPU.ActiveCfg = Debug|Any CPU
		{977f9b47-e981-1f93-1911-0f936210fac6}.Debug|Any CPU.Build.0 = Debug|Any CPU
		{10ac0e9d-fd02-4d3f-8138-c8b7d4949067}.Debug|Any CPU.ActiveCfg = Debug|Any CPU
		{10ac0e9d-fd02-4d3f-8138-c8b7d4949067}.Debug|Any CPU.Build.0 = Debug|Any CPU
		{85a83e77-9e7c-bcc3-eb88-115054ed0295}.Debug|Any CPU.ActiveCfg = Debug|Any CPU
		{85a83e77-9e7c-bcc3-eb88-115054ed0295}.Debug|Any CPU.Build.0 = Debug|Any CPU
		{101ba691-a31b-415d-8bfc-102b405b8d20}.Debug|Any CPU.ActiveCfg = Debug|Any CPU
		{101ba691-a31b-415d-8bfc-102b405b8d20}.Debug|Any CPU.Build.0 = Debug|Any CPU
		{a264f50b-5034-46e5-a15c-c804e98fd63f}.Debug|Any CPU.ActiveCfg = Debug|Any CPU
		{a264f50b-5034-46e5-a15c-c804e98fd63f}.Debug|Any CPU.Build.0 = Debug|Any CPU
		{54856004-6a71-4f0b-261f-6446ee96e278}.Debug|Any CPU.ActiveCfg = Debug|Any CPU
		{54856004-6a71-4f0b-261f-6446ee96e278}.Debug|Any CPU.Build.0 = Debug|Any CPU
		{d6416c7c-68de-5d01-0e70-fb5c1f6778d5}.Debug|Any CPU.ActiveCfg = Debug|Any CPU
		{d6416c7c-68de-5d01-0e70-fb5c1f6778d5}.Debug|Any CPU.Build.0 = Debug|Any CPU
		{2c9db5e6-4e54-1f91-7558-fb772ca672e7}.Debug|Any CPU.ActiveCfg = Debug|Any CPU
		{2c9db5e6-4e54-1f91-7558-fb772ca672e7}.Debug|Any CPU.Build.0 = Debug|Any CPU
		{34fa5ae3-ec2b-c5aa-f1a7-3764064ea9e4}.Debug|Any CPU.ActiveCfg = Debug|Any CPU
		{34fa5ae3-ec2b-c5aa-f1a7-3764064ea9e4}.Debug|Any CPU.Build.0 = Debug|Any CPU
		{4054ee7a-d442-0958-e83d-d92d24c1d6f5}.Debug|Any CPU.ActiveCfg = Debug|Any CPU
		{4054ee7a-d442-0958-e83d-d92d24c1d6f5}.Debug|Any CPU.Build.0 = Debug|Any CPU
		{a2e6895d-74d9-b5a4-94f5-6a6af0cbeab5}.Debug|Any CPU.ActiveCfg = Debug|Any CPU
		{a2e6895d-74d9-b5a4-94f5-6a6af0cbeab5}.Debug|Any CPU.Build.0 = Debug|Any CPU
	EndGlobalSection
	GlobalSection(SolutionProperties) = preSolution
		HideSolutionNode = FALSE
	EndGlobalSection
EndGlobal
